// !$*UTF8*$!
{
	archiveVersion = 1;
	classes = {
	};
	objectVersion = 46;
	objects = {

/* Begin PBXBuildFile section */
		534ED2EE1C6E6A7200576F97 /* ios_memory_view.h in CopyFiles */ = {isa = PBXBuildFile; fileRef = 534ED2ED1C6E6A7200576F97 /* ios_memory_view.h */; };
		534ED2F01C6E6A7200576F97 /* ios_memory_view.m in Sources */ = {isa = PBXBuildFile; fileRef = 534ED2EF1C6E6A7200576F97 /* ios_memory_view.m */; };
/* End PBXBuildFile section */

/* Begin PBXCopyFilesBuildPhase section */
		534ED2E81C6E6A7200576F97 /* CopyFiles */ = {
			isa = PBXCopyFilesBuildPhase;
			buildActionMask = 2147483647;
			dstPath = "include/$(PRODUCT_NAME)";
			dstSubfolderSpec = 16;
			files = (
				534ED2EE1C6E6A7200576F97 /* ios_memory_view.h in CopyFiles */,
			);
			runOnlyForDeploymentPostprocessing = 0;
		};
/* End PBXCopyFilesBuildPhase section */

/* Begin PBXFileReference section */
		534ED2EA1C6E6A7200576F97 /* libios-memory-view.a */ = {isa = PBXFileReference; explicitFileType = archive.ar; includeInIndex = 0; path = "libios-memory-view.a"; sourceTree = BUILT_PRODUCTS_DIR; };
		534ED2ED1C6E6A7200576F97 /* ios_memory_view.h */ = {isa = PBXFileReference; lastKnownFileType = sourcecode.c.h; path = ios_memory_view.h; sourceTree = "<group>"; };
		534ED2EF1C6E6A7200576F97 /* ios_memory_view.m */ = {isa = PBXFileReference; lastKnownFileType = sourcecode.c.objc; path = ios_memory_view.m; sourceTree = "<group>"; };
/* End PBXFileReference section */

/* Begin PBXFrameworksBuildPhase section */
		534ED2E71C6E6A7200576F97 /* Frameworks */ = {
			isa = PBXFrameworksBuildPhase;
			buildActionMask = 2147483647;
			files = (
			);
			runOnlyForDeploymentPostprocessing = 0;
		};
/* End PBXFrameworksBuildPhase section */

/* Begin PBXGroup section */
		534ED2E11C6E6A7200576F97 = {
			isa = PBXGroup;
			children = (
				534ED2EC1C6E6A7200576F97 /* ios-memory-view */,
				534ED2EB1C6E6A7200576F97 /* Products */,
			);
			sourceTree = "<group>";
		};
		534ED2EB1C6E6A7200576F97 /* Products */ = {
			isa = PBXGroup;
			children = (
				534ED2EA1C6E6A7200576F97 /* libios-memory-view.a */,
			);
			name = Products;
			sourceTree = "<group>";
		};
		534ED2EC1C6E6A7200576F97 /* ios-memory-view */ = {
			isa = PBXGroup;
			children = (
				534ED2ED1C6E6A7200576F97 /* ios_memory_view.h */,
				534ED2EF1C6E6A7200576F97 /* ios_memory_view.m */,
			);
			path = "ios-memory-view";
			sourceTree = "<group>";
		};
/* End PBXGroup section */

/* Begin PBXNativeTarget section */
		534ED2E91C6E6A7200576F97 /* ios-memory-view */ = {
			isa = PBXNativeTarget;
			buildConfigurationList = 534ED2F31C6E6A7200576F97 /* Build configuration list for PBXNativeTarget "ios-memory-view" */;
			buildPhases = (
				534ED2E61C6E6A7200576F97 /* Sources */,
				534ED2E71C6E6A7200576F97 /* Frameworks */,
				534ED2E81C6E6A7200576F97 /* CopyFiles */,
			);
			buildRules = (
			);
			dependencies = (
			);
			name = "ios-memory-view";
			productName = "ios-memory-view";
			productReference = 534ED2EA1C6E6A7200576F97 /* libios-memory-view.a */;
			productType = "com.apple.product-type.library.static";
		};
/* End PBXNativeTarget section */

/* Begin PBXProject section */
		534ED2E21C6E6A7200576F97 /* Project object */ = {
			isa = PBXProject;
			attributes = {
				LastUpgradeCheck = 0720;
				ORGANIZATIONNAME = "E-Link Entertainment";
				TargetAttributes = {
					534ED2E91C6E6A7200576F97 = {
						CreatedOnToolsVersion = 7.2;
					};
				};
			};
			buildConfigurationList = 534ED2E51C6E6A7200576F97 /* Build configuration list for PBXProject "ios-memory-view" */;
			compatibilityVersion = "Xcode 3.2";
			developmentRegion = English;
			hasScannedForEncodings = 0;
			knownRegions = (
				en,
			);
			mainGroup = 534ED2E11C6E6A7200576F97;
			productRefGroup = 534ED2EB1C6E6A7200576F97 /* Products */;
			projectDirPath = "";
			projectRoot = "";
			targets = (
				534ED2E91C6E6A7200576F97 /* ios-memory-view */,
			);
		};
/* End PBXProject section */

/* Begin PBXSourcesBuildPhase section */
		534ED2E61C6E6A7200576F97 /* Sources */ = {
			isa = PBXSourcesBuildPhase;
			buildActionMask = 2147483647;
			files = (
				534ED2F01C6E6A7200576F97 /* ios_memory_view.m in Sources */,
			);
			runOnlyForDeploymentPostprocessing = 0;
		};
/* End PBXSourcesBuildPhase section */

/* Begin XCBuildConfiguration section */
		534ED2F11C6E6A7200576F97 /* Debug */ = {
			isa = XCBuildConfiguration;
			buildSettings = {
				ALWAYS_SEARCH_USER_PATHS = NO;
				CLANG_CXX_LANGUAGE_STANDARD = "gnu++0x";
				CLANG_CXX_LIBRARY = "libc++";
				CLANG_ENABLE_MODULES = YES;
				CLANG_ENABLE_OBJC_ARC = YES;
				CLANG_WARN_BOOL_CONVERSION = YES;
				CLANG_WARN_CONSTANT_CONVERSION = YES;
				CLANG_WARN_DIRECT_OBJC_ISA_USAGE = YES_ERROR;
				CLANG_WARN_EMPTY_BODY = YES;
				CLANG_WARN_ENUM_CONVERSION = YES;
				CLANG_WARN_INT_CONVERSION = YES;
				CLANG_WARN_OBJC_ROOT_CLASS = YES_ERROR;
				CLANG_WARN_UNREACHABLE_CODE = YES;
				CLANG_WARN__DUPLICATE_METHOD_MATCH = YES;
				"CODE_SIGN_IDENTITY[sdk=iphoneos*]" = "iPhone Developer";
				COPY_PHASE_STRIP = NO;
				DEBUG_INFORMATION_FORMAT = dwarf;
				ENABLE_STRICT_OBJC_MSGSEND = YES;
				ENABLE_TESTABILITY = YES;
				GCC_C_LANGUAGE_STANDARD = gnu99;
				GCC_DYNAMIC_NO_PIC = NO;
				GCC_NO_COMMON_BLOCKS = YES;
				GCC_OPTIMIZATION_LEVEL = 0;
				GCC_PREPROCESSOR_DEFINITIONS = (
					"DEBUG=1",
					"$(inherited)",
				);
				GCC_WARN_64_TO_32_BIT_CONVERSION = YES;
				GCC_WARN_ABOUT_RETURN_TYPE = YES_ERROR;
				GCC_WARN_UNDECLARED_SELECTOR = YES;
				GCC_WARN_UNINITIALIZED_AUTOS = YES_AGGRESSIVE;
				GCC_WARN_UNUSED_FUNCTION = YES;
				GCC_WARN_UNUSED_VARIABLE = YES;
				IPHONEOS_DEPLOYMENT_TARGET = 9.2;
				MTL_ENABLE_DEBUG_INFO = YES;
				ONLY_ACTIVE_ARCH = YES;
				SDKROOT = iphoneos;
			};
			name = Debug;
		};
		534ED2F21C6E6A7200576F97 /* Release */ = {
			isa = XCBuildConfiguration;
			buildSettings = {
				ALWAYS_SEARCH_USER_PATHS = NO;
				CLANG_CXX_LANGUAGE_STANDARD = "gnu++0x";
				CLANG_CXX_LIBRARY = "libc++";
				CLANG_ENABLE_MODULES = YES;
				CLANG_ENABLE_OBJC_ARC = YES;
				CLANG_WARN_BOOL_CONVERSION = YES;
				CLANG_WARN_CONSTANT_CONVERSION = YES;
				CLANG_WARN_DIRECT_OBJC_ISA_USAGE = YES_ERROR;
				CLANG_WARN_EMPTY_BODY = YES;
				CLANG_WARN_ENUM_CONVERSION = YES;
				CLANG_WARN_INT_CONVERSION = YES;
				CLANG_WARN_OBJC_ROOT_CLASS = YES_ERROR;
				CLANG_WARN_UNREACHABLE_CODE = YES;
				CLANG_WARN__DUPLICATE_METHOD_MATCH = YES;
				"CODE_SIGN_IDENTITY[sdk=iphoneos*]" = "iPhone Developer";
				COPY_PHASE_STRIP = NO;
				DEBUG_INFORMATION_FORMAT = "dwarf-with-dsym";
				ENABLE_NS_ASSERTIONS = NO;
				ENABLE_STRICT_OBJC_MSGSEND = YES;
				GCC_C_LANGUAGE_STANDARD = gnu99;
				GCC_NO_COMMON_BLOCKS = YES;
				GCC_WARN_64_TO_32_BIT_CONVERSION = YES;
				GCC_WARN_ABOUT_RETURN_TYPE = YES_ERROR;
				GCC_WARN_UNDECLARED_SELECTOR = YES;
				GCC_WARN_UNINITIALIZED_AUTOS = YES_AGGRESSIVE;
				GCC_WARN_UNUSED_FUNCTION = YES;
				GCC_WARN_UNUSED_VARIABLE = YES;
				IPHONEOS_DEPLOYMENT_TARGET = 9.2;
				MTL_ENABLE_DEBUG_INFO = NO;
				SDKROOT = iphoneos;
				VALIDATE_PRODUCT = YES;
			};
			name = Release;
		};
		534ED2F41C6E6A7200576F97 /* Debug */ = {
			isa = XCBuildConfiguration;
			buildSettings = {
				OTHER_LDFLAGS = "-ObjC";
				PRODUCT_NAME = "$(TARGET_NAME)";
				SKIP_INSTALL = YES;
			};
			name = Debug;
		};
		534ED2F51C6E6A7200576F97 /* Release */ = {
			isa = XCBuildConfiguration;
			buildSettings = {
				OTHER_LDFLAGS = "-ObjC";
				PRODUCT_NAME = "$(TARGET_NAME)";
				SKIP_INSTALL = YES;
			};
			name = Release;
		};
/* End XCBuildConfiguration section */

/* Begin XCConfigurationList section */
		534ED2E51C6E6A7200576F97 /* Build configuration list for PBXProject "ios-memory-view" */ = {
			isa = XCConfigurationList;
			buildConfigurations = (
				534ED2F11C6E6A7200576F97 /* Debug */,
				534ED2F21C6E6A7200576F97 /* Release */,
			);
			defaultConfigurationIsVisible = 0;
			defaultConfigurationName = Release;
		};
		534ED2F31C6E6A7200576F97 /* Build configuration list for PBXNativeTarget "ios-memory-view" */ = {
			isa = XCConfigurationList;
			buildConfigurations = (
				534ED2F41C6E6A7200576F97 /* Debug */,
				534ED2F51C6E6A7200576F97 /* Release */,
			);
			defaultConfigurationIsVisible = 0;
		};
/* End XCConfigurationList section */
	};
	rootObject = 534ED2E21C6E6A7200576F97 /* Project object */;
}
